
Microsoft Visual Studio Solution File, Format Version 12.00
# Visual Studio Version 17
VisualStudioVersion = 17.5.33414.496
MinimumVisualStudioVersion = 10.0.40219.1
Project("{FAE04EC0-301F-11D3-BF4B-00C04F79EFBC}") = "Lab_1.3", "Lab_1.3\Lab_1.3.csproj", "{EFB50DEC-F234-43ED-923A-862F3FE59F5C}"
EndProject
Global
	GlobalSection(SolutionConfigurationPlatforms) = preSolution
		Debug|Any CPU = Debug|Any CPU
		Release|Any CPU = Release|Any CPU
	EndGlobalSection
	GlobalSection(ProjectConfigurationPlatforms) = postSolution
		{EFB50DEC-F234-43ED-923A-862F3FE59F5C}.Debug|Any CPU.ActiveCfg = Debug|Any CPU
		{EFB50DEC-F234-43ED-923A-862F3FE59F5C}.Debug|Any CPU.Build.0 = Debug|Any CPU
		{EFB50DEC-F234-43ED-923A-862F3FE59F5C}.Release|Any CPU.ActiveCfg = Release|Any CPU
		{EFB50DEC-F234-43ED-923A-862F3FE59F5C}.Release|Any CPU.Build.0 = Release|Any CPU
	EndGlobalSection
	GlobalSection(SolutionProperties) = preSolution
		HideSolutionNode = FALSE
	EndGlobalSection
	GlobalSection(ExtensibilityGlobals) = postSolution
		SolutionGuid = {7904AAD9-6C8C-4EFF-97A1-1CAEBEC52510}
	EndGlobalSection
EndGlobal
